
Microsoft Visual Studio Solution File, Format Version 12.00
# Visual Studio Version 17
VisualStudioVersion = 17.4.33213.308
MinimumVisualStudioVersion = 10.0.40219.1
Project("{9A19103F-16F7-4668-BE54-9A1E7A4F7556}") = "$ProjectName$", "$ProjectName$\$ProjectName$.csproj", "{DF04BB47-9C16-43F0-891A-D0FDEB7FDA3F}"
EndProject
Global
	GlobalSection(SolutionConfigurationPlatforms) = preSolution
		Debug|Any CPU = Debug|Any CPU
		Release|Any CPU = Release|Any CPU
	EndGlobalSection
	GlobalSection(ProjectConfigurationPlatforms) = postSolution
		{DF04BB47-9C16-43F0-891A-D0FDEB7FDA3F}.Debug|Any CPU.ActiveCfg = Debug|Any CPU
		{DF04BB47-9C16-43F0-891A-D0FDEB7FDA3F}.Debug|Any CPU.Build.0 = Debug|Any CPU
		{DF04BB47-9C16-43F0-891A-D0FDEB7FDA3F}.Release|Any CPU.ActiveCfg = Release|Any CPU
		{DF04BB47-9C16-43F0-891A-D0FDEB7FDA3F}.Release|Any CPU.Build.0 = Release|Any CPU
	EndGlobalSection
	GlobalSection(SolutionProperties) = preSolution
		HideSolutionNode = FALSE
	EndGlobalSection
	GlobalSection(ExtensibilityGlobals) = postSolution
		SolutionGuid = {A5C42DF2-BA32-4745-BE0D-6B58D55BE6C3}
	EndGlobalSection
EndGlobal
