
Microsoft Visual Studio Solution File, Format Version 12.00
# Visual Studio Version 17
VisualStudioVersion = 17.4.33110.190
MinimumVisualStudioVersion = 10.0.40219.1
Project("{2150E333-8FDC-42A3-9474-1A3956D46DE8}") = "Internal", "Internal", "{E36AC6BE-8DD5-4353-BB79-822B92FAF41A}"
EndProject
Project("{2150E333-8FDC-42A3-9474-1A3956D46DE8}") = "Scripts", "Scripts", "{BC89B906-BFA7-4178-AB35-1B3211D7E19E}"
EndProject
Project("{2150E333-8FDC-42A3-9474-1A3956D46DE8}") = "Profile Data", "Profile Data", "{BC89B906-BFA7-4178-AB35-1B3211D7E19F}"
EndProject
Project("{2150E333-8FDC-42A3-9474-1A3956D46DE8}") = "Dlls", "Dlls", "{5760BE30-3FBD-4869-B73C-F8E6854AA843}"
	ProjectSection(SolutionItems) = preProject
		Dlls\ABOUT.md = Dlls\ABOUT.md
	EndProjectSection
EndProject
Project("{2150E333-8FDC-42A3-9474-1A3956D46DE8}") = "Documentation", "Documentation", "{62C82A52-AAA0-46CC-B3AE-5DF52B84A9C4}"
	ProjectSection(SolutionItems) = preProject
		Documentation\ABOUT.md = Documentation\ABOUT.md
	EndProjectSection
EndProject
Project("{2150E333-8FDC-42A3-9474-1A3956D46DE8}") = "Code Analysis", "Code Analysis", "{D9DF9A8D-CC3E-4C79-BCD6-AFDA931CEC22}"
	ProjectSection(SolutionItems) = preProject
		Internal\Code Analysis\qaction-debug.ruleset = Internal\Code Analysis\qaction-debug.ruleset
		Internal\Code Analysis\qaction-release.ruleset = Internal\Code Analysis\qaction-release.ruleset
	EndProjectSection
EndProject
Project("{2150E333-8FDC-42A3-9474-1A3956D46DE8}") = "$SCRIPTNAME$", "$SCRIPTNAME$", "{510B47A0-A1C9-4AD1-A708-CF5E9EBE9571}"
	ProjectSection(SolutionItems) = preProject
		$SCRIPTNAME$.xml = $SCRIPTNAME$.xml
	EndProjectSection
EndProject
Project("{2150E333-8FDC-42A3-9474-1A3956D46DE8}") = "Actions", "Actions", "{8A001798-583D-4A9E-8532-3F6055D10078}"
EndProject
Project("{FAE04EC0-301F-11D3-BF4B-00C04F79EFBC}") = "$SCRIPTNAME$_1", "$SCRIPTNAME$_1\$SCRIPTNAME$_1.csproj", "{C99E3ABD-DE32-45FA-9FB7-8C9B659E11C1}"
EndProject
Project("{2150E333-8FDC-42A3-9474-1A3956D46DE8}") = "Functions", "Functions", "{0A65DF85-1067-44AA-B14B-451BEF792C9D}"
	ProjectSection(SolutionItems) = preProject
		Functions\Functions.xml = Functions\Functions.xml
	EndProjectSection
EndProject
Project("{2150E333-8FDC-42A3-9474-1A3956D46DE8}") = "Definitions", "Definitions", "{32075BA8-6E1E-476A-AA0F-5EB0933E15A2}"
	ProjectSection(SolutionItems) = preProject
		Profile Data\Definitions\$PROFILEDEFINITIONNAME$.json = Profile Data\Definitions\$PROFILEDEFINITIONNAME$.json
		Profile Data\Definitions\ABOUT.md = Profile Data\Definitions\ABOUT.md
	EndProjectSection
EndProject
Project("{2150E333-8FDC-42A3-9474-1A3956D46DE8}") = "Instances", "Instances", "{37441868-41FC-42BB-9C33-3B53C1E47D3A}"
	ProjectSection(SolutionItems) = preProject
		Profile Data\Instances\ABOUT.md = Profile Data\Instances\ABOUT.md
	EndProjectSection
EndProject
Project("{2150E333-8FDC-42A3-9474-1A3956D46DE8}") = "Parameters", "Parameters", "{8655A8D5-58BB-41E7-A572-55EE00F07426}"
	ProjectSection(SolutionItems) = preProject
		Profile Data\Parameters\ABOUT.md = Profile Data\Parameters\ABOUT.md
	EndProjectSection
EndProject
Global
	GlobalSection(SolutionConfigurationPlatforms) = preSolution
		Debug|Any CPU = Debug|Any CPU
		Release|Any CPU = Release|Any CPU
	EndGlobalSection
	GlobalSection(ProjectConfigurationPlatforms) = postSolution
		{C99E3ABD-DE32-45FA-9FB7-8C9B659E11C1}.Debug|Any CPU.ActiveCfg = Debug|Any CPU
		{C99E3ABD-DE32-45FA-9FB7-8C9B659E11C1}.Debug|Any CPU.Build.0 = Debug|Any CPU
		{C99E3ABD-DE32-45FA-9FB7-8C9B659E11C1}.Release|Any CPU.ActiveCfg = Release|Any CPU
		{C99E3ABD-DE32-45FA-9FB7-8C9B659E11C1}.Release|Any CPU.Build.0 = Release|Any CPU
	EndGlobalSection
	GlobalSection(SolutionProperties) = preSolution
		HideSolutionNode = FALSE
	EndGlobalSection
	GlobalSection(NestedProjects) = preSolution
		{D9DF9A8D-CC3E-4C79-BCD6-AFDA931CEC22} = {E36AC6BE-8DD5-4353-BB79-822B92FAF41A}
		{510B47A0-A1C9-4AD1-A708-CF5E9EBE9571} = {BC89B906-BFA7-4178-AB35-1B3211D7E19E}
		{8A001798-583D-4A9E-8532-3F6055D10078} = {510B47A0-A1C9-4AD1-A708-CF5E9EBE9571}
		{C99E3ABD-DE32-45FA-9FB7-8C9B659E11C1} = {8A001798-583D-4A9E-8532-3F6055D10078}
		{32075BA8-6E1E-476A-AA0F-5EB0933E15A2} = {BC89B906-BFA7-4178-AB35-1B3211D7E19F}
		{37441868-41FC-42BB-9C33-3B53C1E47D3A} = {BC89B906-BFA7-4178-AB35-1B3211D7E19F}
		{8655A8D5-58BB-41E7-A572-55EE00F07426} = {BC89B906-BFA7-4178-AB35-1B3211D7E19F}
	EndGlobalSection
	GlobalSection(ExtensibilityGlobals) = postSolution
		SolutionGuid = {955EC3A7-7D84-4299-A6B2-58C6448D71ED}
	EndGlobalSection
EndGlobal
