
Microsoft Visual Studio Solution File, Format Version 12.00
# Visual Studio Version 17
VisualStudioVersion = 17.5.33502.453
MinimumVisualStudioVersion = 10.0.40219.1
Project("{2150E333-8FDC-42A3-9474-1A3956D46DE8}") = "Internal", "Internal", "{30ECB5E3-395D-4674-9EF8-8B07C6B1AD50}"
	ProjectSection(SolutionItems) = preProject
		Internal\.editorconfig = Internal\.editorconfig
	EndProjectSection
EndProject
Project("{2150E333-8FDC-42A3-9474-1A3956D46DE8}") = "IncludedScripts", "IncludedScripts", "{AEED6A80-C0F3-479D-8871-9F36F10F11EA}"
EndProject
Project("{2150E333-8FDC-42A3-9474-1A3956D46DE8}") = "Documentation", "Documentation", "{F8938D60-51A0-4880-9CFC-19C66379AE5D}"
	ProjectSection(SolutionItems) = preProject
		Documentation\ABOUT.md = Documentation\ABOUT.md
		README.md = README.md
	EndProjectSection
EndProject
Project("{2150E333-8FDC-42A3-9474-1A3956D46DE8}") = "Code Analysis", "Code Analysis", "{D8DA8E2C-A4AE-45BE-A120-A18B7078E027}"
	ProjectSection(SolutionItems) = preProject
		Internal\Code Analysis\qaction-debug.ruleset = Internal\Code Analysis\qaction-debug.ruleset
		Internal\Code Analysis\qaction-release.ruleset = Internal\Code Analysis\qaction-release.ruleset
		Internal\Code Analysis\stylecop.json = Internal\Code Analysis\stylecop.json
	EndProjectSection
EndProject
Project("{FAE04EC0-301F-11D3-BF4B-00C04F79EFBC}") = "Install_1", "Install_1\Install_1.csproj", "{76DA1A35-8B4D-4E53-8194-3F4B1418D266}"
EndProject
Project("{9A19103F-16F7-4668-BE54-9A1E7A4F7556}") = "$SCRIPTNAME$_1", "$SCRIPTNAME$_1\$SCRIPTNAME$_1.csproj", "{BE0D4771-508A-4580-A728-E2F822548DA3}"
EndProject
Global
	GlobalSection(SolutionConfigurationPlatforms) = preSolution
		Debug|Any CPU = Debug|Any CPU
		Release|Any CPU = Release|Any CPU
	EndGlobalSection
	GlobalSection(ProjectConfigurationPlatforms) = postSolution
		{76DA1A35-8B4D-4E53-8194-3F4B1418D266}.Debug|Any CPU.ActiveCfg = Debug|Any CPU
		{76DA1A35-8B4D-4E53-8194-3F4B1418D266}.Debug|Any CPU.Build.0 = Debug|Any CPU
		{76DA1A35-8B4D-4E53-8194-3F4B1418D266}.Release|Any CPU.ActiveCfg = Release|Any CPU
		{76DA1A35-8B4D-4E53-8194-3F4B1418D266}.Release|Any CPU.Build.0 = Release|Any CPU
		{BE0D4771-508A-4580-A728-E2F822548DA3}.Debug|Any CPU.ActiveCfg = Debug|Any CPU
		{BE0D4771-508A-4580-A728-E2F822548DA3}.Debug|Any CPU.Build.0 = Debug|Any CPU
		{BE0D4771-508A-4580-A728-E2F822548DA3}.Release|Any CPU.ActiveCfg = Release|Any CPU
		{BE0D4771-508A-4580-A728-E2F822548DA3}.Release|Any CPU.Build.0 = Release|Any CPU
	EndGlobalSection
	GlobalSection(SolutionProperties) = preSolution
		HideSolutionNode = FALSE
	EndGlobalSection
	GlobalSection(NestedProjects) = preSolution
		{D8DA8E2C-A4AE-45BE-A120-A18B7078E027} = {30ECB5E3-395D-4674-9EF8-8B07C6B1AD50}
		{BE0D4771-508A-4580-A728-E2F822548DA3} = {AEED6A80-C0F3-479D-8871-9F36F10F11EA}
	EndGlobalSection
	GlobalSection(ExtensibilityGlobals) = postSolution
		SolutionGuid = {37D054BA-8A8F-489C-B707-D45D9F6AF17E}
	EndGlobalSection
EndGlobal
