
Microsoft Visual Studio Solution File, Format Version 12.00
# Visual Studio Version 17
VisualStudioVersion = 17.5.33502.453
MinimumVisualStudioVersion = 10.0.40219.1
Project("{2150E333-8FDC-42A3-9474-1A3956D46DE8}") = "Internal", "Internal", "{30ECB5E3-395D-4674-9EF8-8B07C6B1AD50}"
EndProject
Project("{2150E333-8FDC-42A3-9474-1A3956D46DE8}") = "Scripts", "Scripts", "{AEED6A80-C0F3-479D-8871-9F36F10F11EA}"
EndProject
Project("{2150E333-8FDC-42A3-9474-1A3956D46DE8}") = "Dlls", "Dlls", "{0B4FC455-7B5E-4BB3-A0F4-9841F4D60D6C}"
	ProjectSection(SolutionItems) = preProject
		Dlls\ABOUT.md = Dlls\ABOUT.md
	EndProjectSection
EndProject
Project("{2150E333-8FDC-42A3-9474-1A3956D46DE8}") = "CompanionFiles", "CompanionFiles", "{B25F1A08-DDF8-4579-A552-EC81190D8DD7}"
EndProject
Project("{2150E333-8FDC-42A3-9474-1A3956D46DE8}") = "Skyline DataMiner", "Skyline DataMiner", "{7027C535-EB99-4FDF-87C5-43B46A867C2E}"
	ProjectSection(SolutionItems) = preProject
		CompanionFiles\Skyline DataMiner\AboutThisFolder.md = CompanionFiles\Skyline DataMiner\AboutThisFolder.md
	EndProjectSection
EndProject
Project("{2150E333-8FDC-42A3-9474-1A3956D46DE8}") = "Documentation", "Documentation", "{F8938D60-51A0-4880-9CFC-19C66379AE5D}"
	ProjectSection(SolutionItems) = preProject
		Documentation\ABOUT.md = Documentation\ABOUT.md
		README.md = README.md
	EndProjectSection
EndProject
Project("{2150E333-8FDC-42A3-9474-1A3956D46DE8}") = "Code Analysis", "Code Analysis", "{D8DA8E2C-A4AE-45BE-A120-A18B7078E027}"
	ProjectSection(SolutionItems) = preProject
		Internal\Code Analysis\qaction-debug.ruleset = Internal\Code Analysis\qaction-debug.ruleset
		Internal\Code Analysis\qaction-release.ruleset = Internal\Code Analysis\qaction-release.ruleset
	EndProjectSection
EndProject
Project("{2150E333-8FDC-42A3-9474-1A3956D46DE8}") = "$SCRIPTNAME$", "$SCRIPTNAME$", "{1AC41DF3-81F2-4A62-8945-DBBB8DC54021}"
	ProjectSection(SolutionItems) = preProject
		$SCRIPTNAME$.xml = $SCRIPTNAME$.xml
	EndProjectSection
EndProject
Project("{2150E333-8FDC-42A3-9474-1A3956D46DE8}") = "Actions", "Actions", "{2BF9AFEF-11BA-4037-827E-A7C4408DD5E0}"
EndProject
Project("{FAE04EC0-301F-11D3-BF4B-00C04F79EFBC}") = "$SCRIPTNAME$_1", "$SCRIPTNAME$_1\$SCRIPTNAME$_1.csproj", "{54EEBDD9-1D2F-41E5-9654-EB47544FF03D}"
EndProject
Global
	GlobalSection(SolutionConfigurationPlatforms) = preSolution
		Debug|Any CPU = Debug|Any CPU
		Release|Any CPU = Release|Any CPU
	EndGlobalSection
	GlobalSection(ProjectConfigurationPlatforms) = postSolution
		{54EEBDD9-1D2F-41E5-9654-EB47544FF03D}.Debug|Any CPU.ActiveCfg = Debug|Any CPU
		{54EEBDD9-1D2F-41E5-9654-EB47544FF03D}.Debug|Any CPU.Build.0 = Debug|Any CPU
		{54EEBDD9-1D2F-41E5-9654-EB47544FF03D}.Release|Any CPU.ActiveCfg = Release|Any CPU
		{54EEBDD9-1D2F-41E5-9654-EB47544FF03D}.Release|Any CPU.Build.0 = Release|Any CPU
	EndGlobalSection
	GlobalSection(SolutionProperties) = preSolution
		HideSolutionNode = FALSE
	EndGlobalSection
	GlobalSection(NestedProjects) = preSolution
		{7027C535-EB99-4FDF-87C5-43B46A867C2E} = {B25F1A08-DDF8-4579-A552-EC81190D8DD7}
		{D8DA8E2C-A4AE-45BE-A120-A18B7078E027} = {30ECB5E3-395D-4674-9EF8-8B07C6B1AD50}
		{1AC41DF3-81F2-4A62-8945-DBBB8DC54021} = {AEED6A80-C0F3-479D-8871-9F36F10F11EA}
		{2BF9AFEF-11BA-4037-827E-A7C4408DD5E0} = {1AC41DF3-81F2-4A62-8945-DBBB8DC54021}
		{54EEBDD9-1D2F-41E5-9654-EB47544FF03D} = {2BF9AFEF-11BA-4037-827E-A7C4408DD5E0}
	EndGlobalSection
	GlobalSection(ExtensibilityGlobals) = postSolution
		SolutionGuid = {37D054BA-8A8F-489C-B707-D45D9F6AF17E}
	EndGlobalSection
EndGlobal
