
Microsoft Visual Studio Solution File, Format Version 12.00
# Visual Studio Version 17
VisualStudioVersion = 17.4.33213.308
MinimumVisualStudioVersion = 10.0.40219.1
Project("{FAE04EC0-301F-11D3-BF4B-00C04F79EFBC}") = "$ServiceName$", "$ServiceName$\$ServiceName$.csproj", "{43695E16-1DC5-4A55-A915-04E1F7F8DAB6}"
Project("{FAE04EC0-301F-11D3-BF4B-00C04F79EFBC}") = "$NuGetName$", "$NuGetName$\$NuGetName$.csproj", "{42201877-4DAB-4C36-B4BA-A944CA495A62}"
Project("{B7DD6F7E-DEF8-4E67-B5B7-07EF123DB6F0}") = "$InstallerName$", "$InstallerName$\$InstallerName$.wixproj", "{7CEC5EE1-F450-4E51-8253-7EB37F08CC8E}"
EndProject
Project("{2150E333-8FDC-42A3-9474-1A3956D46DE8}") = "Solution Items", "Solution Items", "{35CB26C6-7C74-4B45-80AB-C115A40C7B93}"
	ProjectSection(SolutionItems) = preProject
		README.md = README.md
		LICENSE = LICENSE
	EndProjectSection
EndProject
Global
	GlobalSection(SolutionConfigurationPlatforms) = preSolution
		Debug|Any CPU = Debug|Any CPU
		Release|Any CPU = Release|Any CPU
	EndGlobalSection
	GlobalSection(ProjectConfigurationPlatforms) = postSolution
		{DF04BB47-9C16-43F0-891A-D0FDEB7FDA3F}.Debug|Any CPU.ActiveCfg = Debug|Any CPU
		{DF04BB47-9C16-43F0-891A-D0FDEB7FDA3F}.Debug|Any CPU.Build.0 = Debug|Any CPU
		{DF04BB47-9C16-43F0-891A-D0FDEB7FDA3F}.Release|Any CPU.ActiveCfg = Release|Any CPU
		{DF04BB47-9C16-43F0-891A-D0FDEB7FDA3F}.Release|Any CPU.Build.0 = Release|Any CPU
	EndGlobalSection
	GlobalSection(SolutionProperties) = preSolution
		HideSolutionNode = FALSE
	EndGlobalSection
	GlobalSection(ExtensibilityGlobals) = postSolution
		SolutionGuid = {A5C42DF2-BA32-4745-BE0D-6B58D55BE6C3}
	EndGlobalSection
EndGlobal
